// !$*UTF8*$!
{
	archiveVersion = 1;
	classes = {
	};
	objectVersion = 55;
	objects = {

/* Begin PBXBuildFile section */
		87FB241F29ED365C00C82CEB /* Customertimes_Xcode_Cloud_Test_1App.swift in Sources */ = {isa = PBXBuildFile; fileRef = 87FB241E29ED365C00C82CEB /* Customertimes_Xcode_Cloud_Test_1App.swift */; };
		87FB242129ED365C00C82CEB /* ContentView.swift in Sources */ = {isa = PBXBuildFile; fileRef = 87FB242029ED365C00C82CEB /* ContentView.swift */; };
		87FB242329ED365E00C82CEB /* Assets.xcassets in Resources */ = {isa = PBXBuildFile; fileRef = 87FB242229ED365E00C82CEB /* Assets.xcassets */; };
		87FB242629ED365E00C82CEB /* Preview Assets.xcassets in Resources */ = {isa = PBXBuildFile; fileRef = 87FB242529ED365E00C82CEB /* Preview Assets.xcassets */; };
		87FB243029ED365E00C82CEB /* Customertimes_Xcode_Cloud_Test_1Tests.swift in Sources */ = {isa = PBXBuildFile; fileRef = 87FB242F29ED365E00C82CEB /* Customertimes_Xcode_Cloud_Test_1Tests.swift */; };
		87FB243A29ED365E00C82CEB /* Customertimes_Xcode_Cloud_Test_1UITests.swift in Sources */ = {isa = PBXBuildFile; fileRef = 87FB243929ED365E00C82CEB /* Customertimes_Xcode_Cloud_Test_1UITests.swift */; };
		87FB243C29ED365E00C82CEB /* Customertimes_Xcode_Cloud_Test_1UITestsLaunchTests.swift in Sources */ = {isa = PBXBuildFile; fileRef = 87FB243B29ED365E00C82CEB /* Customertimes_Xcode_Cloud_Test_1UITestsLaunchTests.swift */; };
		CC2E910467E0AEA40667C558 /* Pods_Customertimes_Xcode_Cloud_Test_1_Customertimes_Xcode_Cloud_Test_1UITests.framework in Frameworks */ = {isa = PBXBuildFile; fileRef = 71439D766E69629A87334907 /* Pods_Customertimes_Xcode_Cloud_Test_1_Customertimes_Xcode_Cloud_Test_1UITests.framework */; };
		DF75503A9E3AE50DCDFACF65 /* Pods_Customertimes_Xcode_Cloud_Test_1.framework in Frameworks */ = {isa = PBXBuildFile; fileRef = 13E24F6F05188E689ED61327 /* Pods_Customertimes_Xcode_Cloud_Test_1.framework */; };
		FFEB0442C6E51502606B649C /* Pods_Customertimes_Xcode_Cloud_Test_1Tests.framework in Frameworks */ = {isa = PBXBuildFile; fileRef = F6801030F9F23F1AE5850551 /* Pods_Customertimes_Xcode_Cloud_Test_1Tests.framework */; };
/* End PBXBuildFile section */

/* Begin PBXContainerItemProxy section */
		87FB242C29ED365E00C82CEB /* PBXContainerItemProxy */ = {
			isa = PBXContainerItemProxy;
			containerPortal = 87FB241329ED365C00C82CEB /* Project object */;
			proxyType = 1;
			remoteGlobalIDString = 87FB241A29ED365C00C82CEB;
			remoteInfo = "Customertimes Xcode Cloud Test 1";
		};
		87FB243629ED365E00C82CEB /* PBXContainerItemProxy */ = {
			isa = PBXContainerItemProxy;
			containerPortal = 87FB241329ED365C00C82CEB /* Project object */;
			proxyType = 1;
			remoteGlobalIDString = 87FB241A29ED365C00C82CEB;
			remoteInfo = "Customertimes Xcode Cloud Test 1";
		};
/* End PBXContainerItemProxy section */

/* Begin PBXFileReference section */
		0959621237E0AACDDED7AA0E /* Pods-Customertimes Xcode Cloud Test 1-Customertimes Xcode Cloud Test 1UITests.release.xcconfig */ = {isa = PBXFileReference; includeInIndex = 1; lastKnownFileType = text.xcconfig; name = "Pods-Customertimes Xcode Cloud Test 1-Customertimes Xcode Cloud Test 1UITests.release.xcconfig"; path = "Target Support Files/Pods-Customertimes Xcode Cloud Test 1-Customertimes Xcode Cloud Test 1UITests/Pods-Customertimes Xcode Cloud Test 1-Customertimes Xcode Cloud Test 1UITests.release.xcconfig"; sourceTree = "<group>"; };
		13E24F6F05188E689ED61327 /* Pods_Customertimes_Xcode_Cloud_Test_1.framework */ = {isa = PBXFileReference; explicitFileType = wrapper.framework; includeInIndex = 0; path = Pods_Customertimes_Xcode_Cloud_Test_1.framework; sourceTree = BUILT_PRODUCTS_DIR; };
		16A1958AA6B41E4067952E05 /* Pods-Customertimes Xcode Cloud Test 1.release.xcconfig */ = {isa = PBXFileReference; includeInIndex = 1; lastKnownFileType = text.xcconfig; name = "Pods-Customertimes Xcode Cloud Test 1.release.xcconfig"; path = "Target Support Files/Pods-Customertimes Xcode Cloud Test 1/Pods-Customertimes Xcode Cloud Test 1.release.xcconfig"; sourceTree = "<group>"; };
		246C55BD65856BD1E6BFE98E /* Pods-Customertimes Xcode Cloud Test 1Tests.debug.xcconfig */ = {isa = PBXFileReference; includeInIndex = 1; lastKnownFileType = text.xcconfig; name = "Pods-Customertimes Xcode Cloud Test 1Tests.debug.xcconfig"; path = "Target Support Files/Pods-Customertimes Xcode Cloud Test 1Tests/Pods-Customertimes Xcode Cloud Test 1Tests.debug.xcconfig"; sourceTree = "<group>"; };
		39446B9E9A1ECD248DA5CCDE /* Pods-Customertimes Xcode Cloud Test 1.debug.xcconfig */ = {isa = PBXFileReference; includeInIndex = 1; lastKnownFileType = text.xcconfig; name = "Pods-Customertimes Xcode Cloud Test 1.debug.xcconfig"; path = "Target Support Files/Pods-Customertimes Xcode Cloud Test 1/Pods-Customertimes Xcode Cloud Test 1.debug.xcconfig"; sourceTree = "<group>"; };
		71439D766E69629A87334907 /* Pods_Customertimes_Xcode_Cloud_Test_1_Customertimes_Xcode_Cloud_Test_1UITests.framework */ = {isa = PBXFileReference; explicitFileType = wrapper.framework; includeInIndex = 0; path = Pods_Customertimes_Xcode_Cloud_Test_1_Customertimes_Xcode_Cloud_Test_1UITests.framework; sourceTree = BUILT_PRODUCTS_DIR; };
		874DEA8D29EEFB8400FA2600 /* ci_post_clone.sh */ = {isa = PBXFileReference; lastKnownFileType = text.script.sh; path = ci_post_clone.sh; sourceTree = "<group>"; };
		874DEA8F29EF2EF200FA2600 /* Customertimes-Xcode-Cloud-Test-1-Info.plist */ = {isa = PBXFileReference; lastKnownFileType = text.plist; path = "Customertimes-Xcode-Cloud-Test-1-Info.plist"; sourceTree = SOURCE_ROOT; };
		87FB241B29ED365C00C82CEB /* CTCloudTest1.app */ = {isa = PBXFileReference; explicitFileType = wrapper.application; includeInIndex = 0; path = CTCloudTest1.app; sourceTree = BUILT_PRODUCTS_DIR; };
		87FB241E29ED365C00C82CEB /* Customertimes_Xcode_Cloud_Test_1App.swift */ = {isa = PBXFileReference; lastKnownFileType = sourcecode.swift; path = Customertimes_Xcode_Cloud_Test_1App.swift; sourceTree = "<group>"; };
		87FB242029ED365C00C82CEB /* ContentView.swift */ = {isa = PBXFileReference; lastKnownFileType = sourcecode.swift; path = ContentView.swift; sourceTree = "<group>"; };
		87FB242229ED365E00C82CEB /* Assets.xcassets */ = {isa = PBXFileReference; lastKnownFileType = folder.assetcatalog; path = Assets.xcassets; sourceTree = "<group>"; };
		87FB242529ED365E00C82CEB /* Preview Assets.xcassets */ = {isa = PBXFileReference; lastKnownFileType = folder.assetcatalog; path = "Preview Assets.xcassets"; sourceTree = "<group>"; };
		87FB242B29ED365E00C82CEB /* Customertimes Xcode Cloud Test 1Tests.xctest */ = {isa = PBXFileReference; explicitFileType = wrapper.cfbundle; includeInIndex = 0; path = "Customertimes Xcode Cloud Test 1Tests.xctest"; sourceTree = BUILT_PRODUCTS_DIR; };
		87FB242F29ED365E00C82CEB /* Customertimes_Xcode_Cloud_Test_1Tests.swift */ = {isa = PBXFileReference; lastKnownFileType = sourcecode.swift; path = Customertimes_Xcode_Cloud_Test_1Tests.swift; sourceTree = "<group>"; };
		87FB243529ED365E00C82CEB /* Customertimes Xcode Cloud Test 1UITests.xctest */ = {isa = PBXFileReference; explicitFileType = wrapper.cfbundle; includeInIndex = 0; path = "Customertimes Xcode Cloud Test 1UITests.xctest"; sourceTree = BUILT_PRODUCTS_DIR; };
		87FB243929ED365E00C82CEB /* Customertimes_Xcode_Cloud_Test_1UITests.swift */ = {isa = PBXFileReference; lastKnownFileType = sourcecode.swift; path = Customertimes_Xcode_Cloud_Test_1UITests.swift; sourceTree = "<group>"; };
		87FB243B29ED365E00C82CEB /* Customertimes_Xcode_Cloud_Test_1UITestsLaunchTests.swift */ = {isa = PBXFileReference; lastKnownFileType = sourcecode.swift; path = Customertimes_Xcode_Cloud_Test_1UITestsLaunchTests.swift; sourceTree = "<group>"; };
		B71E47E5EE94A2EF9F7891D8 /* Pods-Customertimes Xcode Cloud Test 1-Customertimes Xcode Cloud Test 1UITests.debug.xcconfig */ = {isa = PBXFileReference; includeInIndex = 1; lastKnownFileType = text.xcconfig; name = "Pods-Customertimes Xcode Cloud Test 1-Customertimes Xcode Cloud Test 1UITests.debug.xcconfig"; path = "Target Support Files/Pods-Customertimes Xcode Cloud Test 1-Customertimes Xcode Cloud Test 1UITests/Pods-Customertimes Xcode Cloud Test 1-Customertimes Xcode Cloud Test 1UITests.debug.xcconfig"; sourceTree = "<group>"; };
		C258B1E1B7327711CF25C97F /* Pods-Customertimes Xcode Cloud Test 1Tests.release.xcconfig */ = {isa = PBXFileReference; includeInIndex = 1; lastKnownFileType = text.xcconfig; name = "Pods-Customertimes Xcode Cloud Test 1Tests.release.xcconfig"; path = "Target Support Files/Pods-Customertimes Xcode Cloud Test 1Tests/Pods-Customertimes Xcode Cloud Test 1Tests.release.xcconfig"; sourceTree = "<group>"; };
		F6801030F9F23F1AE5850551 /* Pods_Customertimes_Xcode_Cloud_Test_1Tests.framework */ = {isa = PBXFileReference; explicitFileType = wrapper.framework; includeInIndex = 0; path = Pods_Customertimes_Xcode_Cloud_Test_1Tests.framework; sourceTree = BUILT_PRODUCTS_DIR; };
/* End PBXFileReference section */

/* Begin PBXFrameworksBuildPhase section */
		87FB241829ED365C00C82CEB /* Frameworks */ = {
			isa = PBXFrameworksBuildPhase;
			buildActionMask = 2147483647;
			files = (
				DF75503A9E3AE50DCDFACF65 /* Pods_Customertimes_Xcode_Cloud_Test_1.framework in Frameworks */,
			);
			runOnlyForDeploymentPostprocessing = 0;
		};
		87FB242829ED365E00C82CEB /* Frameworks */ = {
			isa = PBXFrameworksBuildPhase;
			buildActionMask = 2147483647;
			files = (
				FFEB0442C6E51502606B649C /* Pods_Customertimes_Xcode_Cloud_Test_1Tests.framework in Frameworks */,
			);
			runOnlyForDeploymentPostprocessing = 0;
		};
		87FB243229ED365E00C82CEB /* Frameworks */ = {
			isa = PBXFrameworksBuildPhase;
			buildActionMask = 2147483647;
			files = (
				CC2E910467E0AEA40667C558 /* Pods_Customertimes_Xcode_Cloud_Test_1_Customertimes_Xcode_Cloud_Test_1UITests.framework in Frameworks */,
			);
			runOnlyForDeploymentPostprocessing = 0;
		};
/* End PBXFrameworksBuildPhase section */

/* Begin PBXGroup section */
		874DEA8C29EEFB8400FA2600 /* ci_scripts */ = {
			isa = PBXGroup;
			children = (
				874DEA8D29EEFB8400FA2600 /* ci_post_clone.sh */,
			);
			path = ci_scripts;
			sourceTree = "<group>";
		};
		87FB241229ED365C00C82CEB = {
			isa = PBXGroup;
			children = (
				874DEA8C29EEFB8400FA2600 /* ci_scripts */,
				87FB241D29ED365C00C82CEB /* Customertimes Xcode Cloud Test 1 */,
				87FB242E29ED365E00C82CEB /* Customertimes Xcode Cloud Test 1Tests */,
				87FB243829ED365E00C82CEB /* Customertimes Xcode Cloud Test 1UITests */,
				87FB241C29ED365C00C82CEB /* Products */,
				CBB6C4EB3EC78CFF56A7ADF5 /* Pods */,
				AA309C7CFEF35A2A2FACF167 /* Frameworks */,
			);
			sourceTree = "<group>";
		};
		87FB241C29ED365C00C82CEB /* Products */ = {
			isa = PBXGroup;
			children = (
				87FB241B29ED365C00C82CEB /* CTCloudTest1.app */,
				87FB242B29ED365E00C82CEB /* Customertimes Xcode Cloud Test 1Tests.xctest */,
				87FB243529ED365E00C82CEB /* Customertimes Xcode Cloud Test 1UITests.xctest */,
			);
			name = Products;
			sourceTree = "<group>";
		};
		87FB241D29ED365C00C82CEB /* Customertimes Xcode Cloud Test 1 */ = {
			isa = PBXGroup;
			children = (
				874DEA8F29EF2EF200FA2600 /* Customertimes-Xcode-Cloud-Test-1-Info.plist */,
				87FB241E29ED365C00C82CEB /* Customertimes_Xcode_Cloud_Test_1App.swift */,
				87FB242029ED365C00C82CEB /* ContentView.swift */,
				87FB242229ED365E00C82CEB /* Assets.xcassets */,
				87FB242429ED365E00C82CEB /* Preview Content */,
			);
			path = "Customertimes Xcode Cloud Test 1";
			sourceTree = "<group>";
		};
		87FB242429ED365E00C82CEB /* Preview Content */ = {
			isa = PBXGroup;
			children = (
				87FB242529ED365E00C82CEB /* Preview Assets.xcassets */,
			);
			path = "Preview Content";
			sourceTree = "<group>";
		};
		87FB242E29ED365E00C82CEB /* Customertimes Xcode Cloud Test 1Tests */ = {
			isa = PBXGroup;
			children = (
				87FB242F29ED365E00C82CEB /* Customertimes_Xcode_Cloud_Test_1Tests.swift */,
			);
			path = "Customertimes Xcode Cloud Test 1Tests";
			sourceTree = "<group>";
		};
		87FB243829ED365E00C82CEB /* Customertimes Xcode Cloud Test 1UITests */ = {
			isa = PBXGroup;
			children = (
				87FB243929ED365E00C82CEB /* Customertimes_Xcode_Cloud_Test_1UITests.swift */,
				87FB243B29ED365E00C82CEB /* Customertimes_Xcode_Cloud_Test_1UITestsLaunchTests.swift */,
			);
			path = "Customertimes Xcode Cloud Test 1UITests";
			sourceTree = "<group>";
		};
		AA309C7CFEF35A2A2FACF167 /* Frameworks */ = {
			isa = PBXGroup;
			children = (
				13E24F6F05188E689ED61327 /* Pods_Customertimes_Xcode_Cloud_Test_1.framework */,
				71439D766E69629A87334907 /* Pods_Customertimes_Xcode_Cloud_Test_1_Customertimes_Xcode_Cloud_Test_1UITests.framework */,
				F6801030F9F23F1AE5850551 /* Pods_Customertimes_Xcode_Cloud_Test_1Tests.framework */,
			);
			name = Frameworks;
			sourceTree = "<group>";
		};
		CBB6C4EB3EC78CFF56A7ADF5 /* Pods */ = {
			isa = PBXGroup;
			children = (
				39446B9E9A1ECD248DA5CCDE /* Pods-Customertimes Xcode Cloud Test 1.debug.xcconfig */,
				16A1958AA6B41E4067952E05 /* Pods-Customertimes Xcode Cloud Test 1.release.xcconfig */,
				B71E47E5EE94A2EF9F7891D8 /* Pods-Customertimes Xcode Cloud Test 1-Customertimes Xcode Cloud Test 1UITests.debug.xcconfig */,
				0959621237E0AACDDED7AA0E /* Pods-Customertimes Xcode Cloud Test 1-Customertimes Xcode Cloud Test 1UITests.release.xcconfig */,
				246C55BD65856BD1E6BFE98E /* Pods-Customertimes Xcode Cloud Test 1Tests.debug.xcconfig */,
				C258B1E1B7327711CF25C97F /* Pods-Customertimes Xcode Cloud Test 1Tests.release.xcconfig */,
			);
			path = Pods;
			sourceTree = "<group>";
		};
/* End PBXGroup section */

/* Begin PBXNativeTarget section */
		87FB241A29ED365C00C82CEB /* Customertimes Xcode Cloud Test 1 */ = {
			isa = PBXNativeTarget;
			buildConfigurationList = 87FB243F29ED365E00C82CEB /* Build configuration list for PBXNativeTarget "Customertimes Xcode Cloud Test 1" */;
			buildPhases = (
				1AF3342BCC921C57D6B023BC /* [CP] Check Pods Manifest.lock */,
				87FB241729ED365C00C82CEB /* Sources */,
				87FB241829ED365C00C82CEB /* Frameworks */,
				87FB241929ED365C00C82CEB /* Resources */,
				6A99624B64DF28349A36804C /* [CP] Embed Pods Frameworks */,
			);
			buildRules = (
			);
			dependencies = (
			);
			name = "Customertimes Xcode Cloud Test 1";
			productName = "Customertimes Xcode Cloud Test 1";
			productReference = 87FB241B29ED365C00C82CEB /* CTCloudTest1.app */;
			productType = "com.apple.product-type.application";
		};
		87FB242A29ED365E00C82CEB /* Customertimes Xcode Cloud Test 1Tests */ = {
			isa = PBXNativeTarget;
			buildConfigurationList = 87FB244229ED365E00C82CEB /* Build configuration list for PBXNativeTarget "Customertimes Xcode Cloud Test 1Tests" */;
			buildPhases = (
				6D40A6D81614EFFAB609714C /* [CP] Check Pods Manifest.lock */,
				87FB242729ED365E00C82CEB /* Sources */,
				87FB242829ED365E00C82CEB /* Frameworks */,
				87FB242929ED365E00C82CEB /* Resources */,
			);
			buildRules = (
			);
			dependencies = (
				87FB242D29ED365E00C82CEB /* PBXTargetDependency */,
			);
			name = "Customertimes Xcode Cloud Test 1Tests";
			productName = "Customertimes Xcode Cloud Test 1Tests";
			productReference = 87FB242B29ED365E00C82CEB /* Customertimes Xcode Cloud Test 1Tests.xctest */;
			productType = "com.apple.product-type.bundle.unit-test";
		};
		87FB243429ED365E00C82CEB /* Customertimes Xcode Cloud Test 1UITests */ = {
			isa = PBXNativeTarget;
			buildConfigurationList = 87FB244529ED365E00C82CEB /* Build configuration list for PBXNativeTarget "Customertimes Xcode Cloud Test 1UITests" */;
			buildPhases = (
				3128666A1C9067D13A47BDC9 /* [CP] Check Pods Manifest.lock */,
				87FB243129ED365E00C82CEB /* Sources */,
				87FB243229ED365E00C82CEB /* Frameworks */,
				87FB243329ED365E00C82CEB /* Resources */,
				FB39C07679BE0B4F43BE282B /* [CP] Embed Pods Frameworks */,
			);
			buildRules = (
			);
			dependencies = (
				87FB243729ED365E00C82CEB /* PBXTargetDependency */,
			);
			name = "Customertimes Xcode Cloud Test 1UITests";
			productName = "Customertimes Xcode Cloud Test 1UITests";
			productReference = 87FB243529ED365E00C82CEB /* Customertimes Xcode Cloud Test 1UITests.xctest */;
			productType = "com.apple.product-type.bundle.ui-testing";
		};
/* End PBXNativeTarget section */

/* Begin PBXProject section */
		87FB241329ED365C00C82CEB /* Project object */ = {
			isa = PBXProject;
			attributes = {
				BuildIndependentTargetsInParallel = 1;
				LastSwiftUpdateCheck = 1420;
				LastUpgradeCheck = 1420;
				TargetAttributes = {
					87FB241A29ED365C00C82CEB = {
						CreatedOnToolsVersion = 14.2;
					};
					87FB242A29ED365E00C82CEB = {
						CreatedOnToolsVersion = 14.2;
						TestTargetID = 87FB241A29ED365C00C82CEB;
					};
					87FB243429ED365E00C82CEB = {
						CreatedOnToolsVersion = 14.2;
						TestTargetID = 87FB241A29ED365C00C82CEB;
					};
				};
			};
			buildConfigurationList = 87FB241629ED365C00C82CEB /* Build configuration list for PBXProject "Customertimes Xcode Cloud Test 1" */;
			compatibilityVersion = "Xcode 13.0";
			developmentRegion = en;
			hasScannedForEncodings = 0;
			knownRegions = (
				en,
				Base,
			);
			mainGroup = 87FB241229ED365C00C82CEB;
			productRefGroup = 87FB241C29ED365C00C82CEB /* Products */;
			projectDirPath = "";
			projectRoot = "";
			targets = (
				87FB241A29ED365C00C82CEB /* Customertimes Xcode Cloud Test 1 */,
				87FB242A29ED365E00C82CEB /* Customertimes Xcode Cloud Test 1Tests */,
				87FB243429ED365E00C82CEB /* Customertimes Xcode Cloud Test 1UITests */,
			);
		};
/* End PBXProject section */

/* Begin PBXResourcesBuildPhase section */
		87FB241929ED365C00C82CEB /* Resources */ = {
			isa = PBXResourcesBuildPhase;
			buildActionMask = 2147483647;
			files = (
				87FB242629ED365E00C82CEB /* Preview Assets.xcassets in Resources */,
				87FB242329ED365E00C82CEB /* Assets.xcassets in Resources */,
			);
			runOnlyForDeploymentPostprocessing = 0;
		};
		87FB242929ED365E00C82CEB /* Resources */ = {
			isa = PBXResourcesBuildPhase;
			buildActionMask = 2147483647;
			files = (
			);
			runOnlyForDeploymentPostprocessing = 0;
		};
		87FB243329ED365E00C82CEB /* Resources */ = {
			isa = PBXResourcesBuildPhase;
			buildActionMask = 2147483647;
			files = (
			);
			runOnlyForDeploymentPostprocessing = 0;
		};
/* End PBXResourcesBuildPhase section */

/* Begin PBXShellScriptBuildPhase section */
		1AF3342BCC921C57D6B023BC /* [CP] Check Pods Manifest.lock */ = {
			isa = PBXShellScriptBuildPhase;
			buildActionMask = 2147483647;
			files = (
			);
			inputFileListPaths = (
			);
			inputPaths = (
				"${PODS_PODFILE_DIR_PATH}/Podfile.lock",
				"${PODS_ROOT}/Manifest.lock",
			);
			name = "[CP] Check Pods Manifest.lock";
			outputFileListPaths = (
			);
			outputPaths = (
				"$(DERIVED_FILE_DIR)/Pods-Customertimes Xcode Cloud Test 1-checkManifestLockResult.txt",
			);
			runOnlyForDeploymentPostprocessing = 0;
			shellPath = /bin/sh;
			shellScript = "diff \"${PODS_PODFILE_DIR_PATH}/Podfile.lock\" \"${PODS_ROOT}/Manifest.lock\" > /dev/null\nif [ $? != 0 ] ; then\n    # print error to STDERR\n    echo \"error: The sandbox is not in sync with the Podfile.lock. Run 'pod install' or update your CocoaPods installation.\" >&2\n    exit 1\nfi\n# This output is used by Xcode 'outputs' to avoid re-running this script phase.\necho \"SUCCESS\" > \"${SCRIPT_OUTPUT_FILE_0}\"\n";
			showEnvVarsInLog = 0;
		};
		3128666A1C9067D13A47BDC9 /* [CP] Check Pods Manifest.lock */ = {
			isa = PBXShellScriptBuildPhase;
			buildActionMask = 2147483647;
			files = (
			);
			inputFileListPaths = (
			);
			inputPaths = (
				"${PODS_PODFILE_DIR_PATH}/Podfile.lock",
				"${PODS_ROOT}/Manifest.lock",
			);
			name = "[CP] Check Pods Manifest.lock";
			outputFileListPaths = (
			);
			outputPaths = (
				"$(DERIVED_FILE_DIR)/Pods-Customertimes Xcode Cloud Test 1-Customertimes Xcode Cloud Test 1UITests-checkManifestLockResult.txt",
			);
			runOnlyForDeploymentPostprocessing = 0;
			shellPath = /bin/sh;
			shellScript = "diff \"${PODS_PODFILE_DIR_PATH}/Podfile.lock\" \"${PODS_ROOT}/Manifest.lock\" > /dev/null\nif [ $? != 0 ] ; then\n    # print error to STDERR\n    echo \"error: The sandbox is not in sync with the Podfile.lock. Run 'pod install' or update your CocoaPods installation.\" >&2\n    exit 1\nfi\n# This output is used by Xcode 'outputs' to avoid re-running this script phase.\necho \"SUCCESS\" > \"${SCRIPT_OUTPUT_FILE_0}\"\n";
			showEnvVarsInLog = 0;
		};
		6A99624B64DF28349A36804C /* [CP] Embed Pods Frameworks */ = {
			isa = PBXShellScriptBuildPhase;
			buildActionMask = 2147483647;
			files = (
			);
			inputFileListPaths = (
				"${PODS_ROOT}/Target Support Files/Pods-Customertimes Xcode Cloud Test 1/Pods-Customertimes Xcode Cloud Test 1-frameworks-${CONFIGURATION}-input-files.xcfilelist",
			);
			name = "[CP] Embed Pods Frameworks";
			outputFileListPaths = (
				"${PODS_ROOT}/Target Support Files/Pods-Customertimes Xcode Cloud Test 1/Pods-Customertimes Xcode Cloud Test 1-frameworks-${CONFIGURATION}-output-files.xcfilelist",
			);
			runOnlyForDeploymentPostprocessing = 0;
			shellPath = /bin/sh;
			shellScript = "\"${PODS_ROOT}/Target Support Files/Pods-Customertimes Xcode Cloud Test 1/Pods-Customertimes Xcode Cloud Test 1-frameworks.sh\"\n";
			showEnvVarsInLog = 0;
		};
		6D40A6D81614EFFAB609714C /* [CP] Check Pods Manifest.lock */ = {
			isa = PBXShellScriptBuildPhase;
			buildActionMask = 2147483647;
			files = (
			);
			inputFileListPaths = (
			);
			inputPaths = (
				"${PODS_PODFILE_DIR_PATH}/Podfile.lock",
				"${PODS_ROOT}/Manifest.lock",
			);
			name = "[CP] Check Pods Manifest.lock";
			outputFileListPaths = (
			);
			outputPaths = (
				"$(DERIVED_FILE_DIR)/Pods-Customertimes Xcode Cloud Test 1Tests-checkManifestLockResult.txt",
			);
			runOnlyForDeploymentPostprocessing = 0;
			shellPath = /bin/sh;
			shellScript = "diff \"${PODS_PODFILE_DIR_PATH}/Podfile.lock\" \"${PODS_ROOT}/Manifest.lock\" > /dev/null\nif [ $? != 0 ] ; then\n    # print error to STDERR\n    echo \"error: The sandbox is not in sync with the Podfile.lock. Run 'pod install' or update your CocoaPods installation.\" >&2\n    exit 1\nfi\n# This output is used by Xcode 'outputs' to avoid re-running this script phase.\necho \"SUCCESS\" > \"${SCRIPT_OUTPUT_FILE_0}\"\n";
			showEnvVarsInLog = 0;
		};
		FB39C07679BE0B4F43BE282B /* [CP] Embed Pods Frameworks */ = {
			isa = PBXShellScriptBuildPhase;
			buildActionMask = 2147483647;
			files = (
			);
			inputFileListPaths = (
				"${PODS_ROOT}/Target Support Files/Pods-Customertimes Xcode Cloud Test 1-Customertimes Xcode Cloud Test 1UITests/Pods-Customertimes Xcode Cloud Test 1-Customertimes Xcode Cloud Test 1UITests-frameworks-${CONFIGURATION}-input-files.xcfilelist",
			);
			name = "[CP] Embed Pods Frameworks";
			outputFileListPaths = (
				"${PODS_ROOT}/Target Support Files/Pods-Customertimes Xcode Cloud Test 1-Customertimes Xcode Cloud Test 1UITests/Pods-Customertimes Xcode Cloud Test 1-Customertimes Xcode Cloud Test 1UITests-frameworks-${CONFIGURATION}-output-files.xcfilelist",
			);
			runOnlyForDeploymentPostprocessing = 0;
			shellPath = /bin/sh;
			shellScript = "\"${PODS_ROOT}/Target Support Files/Pods-Customertimes Xcode Cloud Test 1-Customertimes Xcode Cloud Test 1UITests/Pods-Customertimes Xcode Cloud Test 1-Customertimes Xcode Cloud Test 1UITests-frameworks.sh\"\n";
			showEnvVarsInLog = 0;
		};
/* End PBXShellScriptBuildPhase section */

/* Begin PBXSourcesBuildPhase section */
		87FB241729ED365C00C82CEB /* Sources */ = {
			isa = PBXSourcesBuildPhase;
			buildActionMask = 2147483647;
			files = (
				87FB242129ED365C00C82CEB /* ContentView.swift in Sources */,
				87FB241F29ED365C00C82CEB /* Customertimes_Xcode_Cloud_Test_1App.swift in Sources */,
			);
			runOnlyForDeploymentPostprocessing = 0;
		};
		87FB242729ED365E00C82CEB /* Sources */ = {
			isa = PBXSourcesBuildPhase;
			buildActionMask = 2147483647;
			files = (
				87FB243029ED365E00C82CEB /* Customertimes_Xcode_Cloud_Test_1Tests.swift in Sources */,
			);
			runOnlyForDeploymentPostprocessing = 0;
		};
		87FB243129ED365E00C82CEB /* Sources */ = {
			isa = PBXSourcesBuildPhase;
			buildActionMask = 2147483647;
			files = (
				87FB243A29ED365E00C82CEB /* Customertimes_Xcode_Cloud_Test_1UITests.swift in Sources */,
				87FB243C29ED365E00C82CEB /* Customertimes_Xcode_Cloud_Test_1UITestsLaunchTests.swift in Sources */,
			);
			runOnlyForDeploymentPostprocessing = 0;
		};
/* End PBXSourcesBuildPhase section */

/* Begin PBXTargetDependency section */
		87FB242D29ED365E00C82CEB /* PBXTargetDependency */ = {
			isa = PBXTargetDependency;
			target = 87FB241A29ED365C00C82CEB /* Customertimes Xcode Cloud Test 1 */;
			targetProxy = 87FB242C29ED365E00C82CEB /* PBXContainerItemProxy */;
		};
		87FB243729ED365E00C82CEB /* PBXTargetDependency */ = {
			isa = PBXTargetDependency;
			target = 87FB241A29ED365C00C82CEB /* Customertimes Xcode Cloud Test 1 */;
			targetProxy = 87FB243629ED365E00C82CEB /* PBXContainerItemProxy */;
		};
/* End PBXTargetDependency section */

/* Begin XCBuildConfiguration section */
		87FB243D29ED365E00C82CEB /* Debug */ = {
			isa = XCBuildConfiguration;
			buildSettings = {
				ALWAYS_SEARCH_USER_PATHS = NO;
				CLANG_ANALYZER_NONNULL = YES;
				CLANG_ANALYZER_NUMBER_OBJECT_CONVERSION = YES_AGGRESSIVE;
				CLANG_CXX_LANGUAGE_STANDARD = "gnu++20";
				CLANG_ENABLE_MODULES = YES;
				CLANG_ENABLE_OBJC_ARC = YES;
				CLANG_ENABLE_OBJC_WEAK = YES;
				CLANG_WARN_BLOCK_CAPTURE_AUTORELEASING = YES;
				CLANG_WARN_BOOL_CONVERSION = YES;
				CLANG_WARN_COMMA = YES;
				CLANG_WARN_CONSTANT_CONVERSION = YES;
				CLANG_WARN_DEPRECATED_OBJC_IMPLEMENTATIONS = YES;
				CLANG_WARN_DIRECT_OBJC_ISA_USAGE = YES_ERROR;
				CLANG_WARN_DOCUMENTATION_COMMENTS = YES;
				CLANG_WARN_EMPTY_BODY = YES;
				CLANG_WARN_ENUM_CONVERSION = YES;
				CLANG_WARN_INFINITE_RECURSION = YES;
				CLANG_WARN_INT_CONVERSION = YES;
				CLANG_WARN_NON_LITERAL_NULL_CONVERSION = YES;
				CLANG_WARN_OBJC_IMPLICIT_RETAIN_SELF = YES;
				CLANG_WARN_OBJC_LITERAL_CONVERSION = YES;
				CLANG_WARN_OBJC_ROOT_CLASS = YES_ERROR;
				CLANG_WARN_QUOTED_INCLUDE_IN_FRAMEWORK_HEADER = YES;
				CLANG_WARN_RANGE_LOOP_ANALYSIS = YES;
				CLANG_WARN_STRICT_PROTOTYPES = YES;
				CLANG_WARN_SUSPICIOUS_MOVE = YES;
				CLANG_WARN_UNGUARDED_AVAILABILITY = YES_AGGRESSIVE;
				CLANG_WARN_UNREACHABLE_CODE = YES;
				CLANG_WARN__DUPLICATE_METHOD_MATCH = YES;
				COPY_PHASE_STRIP = NO;
				DEBUG_INFORMATION_FORMAT = dwarf;
				ENABLE_STRICT_OBJC_MSGSEND = YES;
				ENABLE_TESTABILITY = YES;
				GCC_C_LANGUAGE_STANDARD = gnu11;
				GCC_DYNAMIC_NO_PIC = NO;
				GCC_NO_COMMON_BLOCKS = YES;
				GCC_OPTIMIZATION_LEVEL = 0;
				GCC_PREPROCESSOR_DEFINITIONS = (
					"DEBUG=1",
					"$(inherited)",
				);
				GCC_WARN_64_TO_32_BIT_CONVERSION = YES;
				GCC_WARN_ABOUT_RETURN_TYPE = YES_ERROR;
				GCC_WARN_UNDECLARED_SELECTOR = YES;
				GCC_WARN_UNINITIALIZED_AUTOS = YES_AGGRESSIVE;
				GCC_WARN_UNUSED_FUNCTION = YES;
				GCC_WARN_UNUSED_VARIABLE = YES;
				IPHONEOS_DEPLOYMENT_TARGET = 16.2;
				MTL_ENABLE_DEBUG_INFO = INCLUDE_SOURCE;
				MTL_FAST_MATH = YES;
				ONLY_ACTIVE_ARCH = YES;
				SDKROOT = iphoneos;
				SWIFT_ACTIVE_COMPILATION_CONDITIONS = DEBUG;
				SWIFT_OPTIMIZATION_LEVEL = "-Onone";
			};
			name = Debug;
		};
		87FB243E29ED365E00C82CEB /* Release */ = {
			isa = XCBuildConfiguration;
			buildSettings = {
				ALWAYS_SEARCH_USER_PATHS = NO;
				CLANG_ANALYZER_NONNULL = YES;
				CLANG_ANALYZER_NUMBER_OBJECT_CONVERSION = YES_AGGRESSIVE;
				CLANG_CXX_LANGUAGE_STANDARD = "gnu++20";
				CLANG_ENABLE_MODULES = YES;
				CLANG_ENABLE_OBJC_ARC = YES;
				CLANG_ENABLE_OBJC_WEAK = YES;
				CLANG_WARN_BLOCK_CAPTURE_AUTORELEASING = YES;
				CLANG_WARN_BOOL_CONVERSION = YES;
				CLANG_WARN_COMMA = YES;
				CLANG_WARN_CONSTANT_CONVERSION = YES;
				CLANG_WARN_DEPRECATED_OBJC_IMPLEMENTATIONS = YES;
				CLANG_WARN_DIRECT_OBJC_ISA_USAGE = YES_ERROR;
				CLANG_WARN_DOCUMENTATION_COMMENTS = YES;
				CLANG_WARN_EMPTY_BODY = YES;
				CLANG_WARN_ENUM_CONVERSION = YES;
				CLANG_WARN_INFINITE_RECURSION = YES;
				CLANG_WARN_INT_CONVERSION = YES;
				CLANG_WARN_NON_LITERAL_NULL_CONVERSION = YES;
				CLANG_WARN_OBJC_IMPLICIT_RETAIN_SELF = YES;
				CLANG_WARN_OBJC_LITERAL_CONVERSION = YES;
				CLANG_WARN_OBJC_ROOT_CLASS = YES_ERROR;
				CLANG_WARN_QUOTED_INCLUDE_IN_FRAMEWORK_HEADER = YES;
				CLANG_WARN_RANGE_LOOP_ANALYSIS = YES;
				CLANG_WARN_STRICT_PROTOTYPES = YES;
				CLANG_WARN_SUSPICIOUS_MOVE = YES;
				CLANG_WARN_UNGUARDED_AVAILABILITY = YES_AGGRESSIVE;
				CLANG_WARN_UNREACHABLE_CODE = YES;
				CLANG_WARN__DUPLICATE_METHOD_MATCH = YES;
				COPY_PHASE_STRIP = NO;
				DEBUG_INFORMATION_FORMAT = "dwarf-with-dsym";
				ENABLE_NS_ASSERTIONS = NO;
				ENABLE_STRICT_OBJC_MSGSEND = YES;
				GCC_C_LANGUAGE_STANDARD = gnu11;
				GCC_NO_COMMON_BLOCKS = YES;
				GCC_WARN_64_TO_32_BIT_CONVERSION = YES;
				GCC_WARN_ABOUT_RETURN_TYPE = YES_ERROR;
				GCC_WARN_UNDECLARED_SELECTOR = YES;
				GCC_WARN_UNINITIALIZED_AUTOS = YES_AGGRESSIVE;
				GCC_WARN_UNUSED_FUNCTION = YES;
				GCC_WARN_UNUSED_VARIABLE = YES;
				IPHONEOS_DEPLOYMENT_TARGET = 16.2;
				MTL_ENABLE_DEBUG_INFO = NO;
				MTL_FAST_MATH = YES;
				SDKROOT = iphoneos;
				SWIFT_COMPILATION_MODE = wholemodule;
				SWIFT_OPTIMIZATION_LEVEL = "-O";
				VALIDATE_PRODUCT = YES;
			};
			name = Release;
		};
		87FB244029ED365E00C82CEB /* Debug */ = {
			isa = XCBuildConfiguration;
			baseConfigurationReference = 39446B9E9A1ECD248DA5CCDE /* Pods-Customertimes Xcode Cloud Test 1.debug.xcconfig */;
			buildSettings = {
				ASSETCATALOG_COMPILER_APPICON_NAME = AppIcon;
				ASSETCATALOG_COMPILER_GLOBAL_ACCENT_COLOR_NAME = AccentColor;
				CODE_SIGN_STYLE = Automatic;
				CURRENT_PROJECT_VERSION = 1;
				DEVELOPMENT_ASSET_PATHS = "\"Customertimes Xcode Cloud Test 1/Preview Content\"";
				DEVELOPMENT_TEAM = 9L2638D72Y;
				ENABLE_PREVIEWS = YES;
				GENERATE_INFOPLIST_FILE = YES;
				INFOPLIST_FILE = "Customertimes-Xcode-Cloud-Test-1-Info.plist";
				INFOPLIST_KEY_UIApplicationSceneManifest_Generation = YES;
				INFOPLIST_KEY_UIApplicationSupportsIndirectInputEvents = YES;
				INFOPLIST_KEY_UILaunchScreen_Generation = YES;
				INFOPLIST_KEY_UISupportedInterfaceOrientations_iPad = "UIInterfaceOrientationPortrait UIInterfaceOrientationPortraitUpsideDown UIInterfaceOrientationLandscapeLeft UIInterfaceOrientationLandscapeRight";
				INFOPLIST_KEY_UISupportedInterfaceOrientations_iPhone = "UIInterfaceOrientationPortrait UIInterfaceOrientationLandscapeLeft UIInterfaceOrientationLandscapeRight";
				LD_RUNPATH_SEARCH_PATHS = (
					"$(inherited)",
					"@executable_path/Frameworks",
				);
				MARKETING_VERSION = 1.0;
				PRODUCT_BUNDLE_IDENTIFIER = com.test.Xcode.Cloud.CustomertimesXcodeCloudTest1;
				PRODUCT_NAME = CTCloudTest1;
				SUPPORTED_PLATFORMS = "iphoneos iphonesimulator";
				SUPPORTS_MACCATALYST = NO;
				SUPPORTS_MAC_DESIGNED_FOR_IPHONE_IPAD = NO;
				SWIFT_EMIT_LOC_STRINGS = YES;
				SWIFT_VERSION = 5.0;
				TARGETED_DEVICE_FAMILY = "1,2";
			};
			name = Debug;
		};
		87FB244129ED365E00C82CEB /* Release */ = {
			isa = XCBuildConfiguration;
			baseConfigurationReference = 16A1958AA6B41E4067952E05 /* Pods-Customertimes Xcode Cloud Test 1.release.xcconfig */;
			buildSettings = {
				ASSETCATALOG_COMPILER_APPICON_NAME = AppIcon;
				ASSETCATALOG_COMPILER_GLOBAL_ACCENT_COLOR_NAME = AccentColor;
				CODE_SIGN_STYLE = Automatic;
				CURRENT_PROJECT_VERSION = 1;
				DEVELOPMENT_ASSET_PATHS = "\"Customertimes Xcode Cloud Test 1/Preview Content\"";
				DEVELOPMENT_TEAM = 9L2638D72Y;
				ENABLE_PREVIEWS = YES;
				GENERATE_INFOPLIST_FILE = YES;
				INFOPLIST_FILE = "Customertimes-Xcode-Cloud-Test-1-Info.plist";
				INFOPLIST_KEY_UIApplicationSceneManifest_Generation = YES;
				INFOPLIST_KEY_UIApplicationSupportsIndirectInputEvents = YES;
				INFOPLIST_KEY_UILaunchScreen_Generation = YES;
				INFOPLIST_KEY_UISupportedInterfaceOrientations_iPad = "UIInterfaceOrientationPortrait UIInterfaceOrientationPortraitUpsideDown UIInterfaceOrientationLandscapeLeft UIInterfaceOrientationLandscapeRight";
				INFOPLIST_KEY_UISupportedInterfaceOrientations_iPhone = "UIInterfaceOrientationPortrait UIInterfaceOrientationLandscapeLeft UIInterfaceOrientationLandscapeRight";
				LD_RUNPATH_SEARCH_PATHS = (
					"$(inherited)",
					"@executable_path/Frameworks",
				);
				MARKETING_VERSION = 1.0;
				PRODUCT_BUNDLE_IDENTIFIER = com.test.Xcode.Cloud.CustomertimesXcodeCloudTest1;
				PRODUCT_NAME = CTCloudTest1;
				SUPPORTED_PLATFORMS = "iphoneos iphonesimulator";
				SUPPORTS_MACCATALYST = NO;
				SUPPORTS_MAC_DESIGNED_FOR_IPHONE_IPAD = NO;
				SWIFT_EMIT_LOC_STRINGS = YES;
				SWIFT_VERSION = 5.0;
				TARGETED_DEVICE_FAMILY = "1,2";
			};
			name = Release;
		};
		87FB244329ED365E00C82CEB /* Debug */ = {
			isa = XCBuildConfiguration;
			baseConfigurationReference = 246C55BD65856BD1E6BFE98E /* Pods-Customertimes Xcode Cloud Test 1Tests.debug.xcconfig */;
			buildSettings = {
				ALWAYS_EMBED_SWIFT_STANDARD_LIBRARIES = YES;
				BUNDLE_LOADER = "$(TEST_HOST)";
				CODE_SIGN_STYLE = Automatic;
				CURRENT_PROJECT_VERSION = 1;
				DEVELOPMENT_TEAM = 9L2638D72Y;
				GENERATE_INFOPLIST_FILE = YES;
				IPHONEOS_DEPLOYMENT_TARGET = 16.2;
				MARKETING_VERSION = 1.0;
				PRODUCT_BUNDLE_IDENTIFIER = com.test.Xcode.Cloud.CustomertimesXcodeCloudTest1Tests;
				PRODUCT_NAME = "$(TARGET_NAME)";
				SWIFT_EMIT_LOC_STRINGS = NO;
				SWIFT_VERSION = 5.0;
				TARGETED_DEVICE_FAMILY = "1,2";
				TEST_HOST = "$(BUILT_PRODUCTS_DIR)/CTCloudTest1.app/$(BUNDLE_EXECUTABLE_FOLDER_PATH)/CTCloudTest1";
			};
			name = Debug;
		};
		87FB244429ED365E00C82CEB /* Release */ = {
			isa = XCBuildConfiguration;
			baseConfigurationReference = C258B1E1B7327711CF25C97F /* Pods-Customertimes Xcode Cloud Test 1Tests.release.xcconfig */;
			buildSettings = {
				ALWAYS_EMBED_SWIFT_STANDARD_LIBRARIES = YES;
				BUNDLE_LOADER = "$(TEST_HOST)";
				CODE_SIGN_STYLE = Automatic;
				CURRENT_PROJECT_VERSION = 1;
				DEVELOPMENT_TEAM = 9L2638D72Y;
				GENERATE_INFOPLIST_FILE = YES;
				IPHONEOS_DEPLOYMENT_TARGET = 16.2;
				MARKETING_VERSION = 1.0;
				PRODUCT_BUNDLE_IDENTIFIER = com.test.Xcode.Cloud.CustomertimesXcodeCloudTest1Tests;
				PRODUCT_NAME = "$(TARGET_NAME)";
				SWIFT_EMIT_LOC_STRINGS = NO;
				SWIFT_VERSION = 5.0;
				TARGETED_DEVICE_FAMILY = "1,2";
				TEST_HOST = "$(BUILT_PRODUCTS_DIR)/CTCloudTest1.app/$(BUNDLE_EXECUTABLE_FOLDER_PATH)/CTCloudTest1";
			};
			name = Release;
		};
		87FB244629ED365E00C82CEB /* Debug */ = {
			isa = XCBuildConfiguration;
			baseConfigurationReference = B71E47E5EE94A2EF9F7891D8 /* Pods-Customertimes Xcode Cloud Test 1-Customertimes Xcode Cloud Test 1UITests.debug.xcconfig */;
			buildSettings = {
				ALWAYS_EMBED_SWIFT_STANDARD_LIBRARIES = YES;
				CODE_SIGN_STYLE = Automatic;
				CURRENT_PROJECT_VERSION = 1;
				DEVELOPMENT_TEAM = 9L2638D72Y;
				GENERATE_INFOPLIST_FILE = YES;
				MARKETING_VERSION = 1.0;
				PRODUCT_BUNDLE_IDENTIFIER = com.test.Xcode.Cloud.CustomertimesXcodeCloudTest1UITests;
				PRODUCT_NAME = "$(TARGET_NAME)";
				SWIFT_EMIT_LOC_STRINGS = NO;
				SWIFT_VERSION = 5.0;
				TARGETED_DEVICE_FAMILY = "1,2";
				TEST_TARGET_NAME = "Customertimes Xcode Cloud Test 1";
			};
			name = Debug;
		};
		87FB244729ED365E00C82CEB /* Release */ = {
			isa = XCBuildConfiguration;
			baseConfigurationReference = 0959621237E0AACDDED7AA0E /* Pods-Customertimes Xcode Cloud Test 1-Customertimes Xcode Cloud Test 1UITests.release.xcconfig */;
			buildSettings = {
				ALWAYS_EMBED_SWIFT_STANDARD_LIBRARIES = YES;
				CODE_SIGN_STYLE = Automatic;
				CURRENT_PROJECT_VERSION = 1;
				DEVELOPMENT_TEAM = 9L2638D72Y;
				GENERATE_INFOPLIST_FILE = YES;
				MARKETING_VERSION = 1.0;
				PRODUCT_BUNDLE_IDENTIFIER = com.test.Xcode.Cloud.CustomertimesXcodeCloudTest1UITests;
				PRODUCT_NAME = "$(TARGET_NAME)";
				SWIFT_EMIT_LOC_STRINGS = NO;
				SWIFT_VERSION = 5.0;
				TARGETED_DEVICE_FAMILY = "1,2";
				TEST_TARGET_NAME = "Customertimes Xcode Cloud Test 1";
			};
			name = Release;
		};
/* End XCBuildConfiguration section */

/* Begin XCConfigurationList section */
		87FB241629ED365C00C82CEB /* Build configuration list for PBXProject "Customertimes Xcode Cloud Test 1" */ = {
			isa = XCConfigurationList;
			buildConfigurations = (
				87FB243D29ED365E00C82CEB /* Debug */,
				87FB243E29ED365E00C82CEB /* Release */,
			);
			defaultConfigurationIsVisible = 0;
			defaultConfigurationName = Release;
		};
		87FB243F29ED365E00C82CEB /* Build configuration list for PBXNativeTarget "Customertimes Xcode Cloud Test 1" */ = {
			isa = XCConfigurationList;
			buildConfigurations = (
				87FB244029ED365E00C82CEB /* Debug */,
				87FB244129ED365E00C82CEB /* Release */,
			);
			defaultConfigurationIsVisible = 0;
			defaultConfigurationName = Release;
		};
		87FB244229ED365E00C82CEB /* Build configuration list for PBXNativeTarget "Customertimes Xcode Cloud Test 1Tests" */ = {
			isa = XCConfigurationList;
			buildConfigurations = (
				87FB244329ED365E00C82CEB /* Debug */,
				87FB244429ED365E00C82CEB /* Release */,
			);
			defaultConfigurationIsVisible = 0;
			defaultConfigurationName = Release;
		};
		87FB244529ED365E00C82CEB /* Build configuration list for PBXNativeTarget "Customertimes Xcode Cloud Test 1UITests" */ = {
			isa = XCConfigurationList;
			buildConfigurations = (
				87FB244629ED365E00C82CEB /* Debug */,
				87FB244729ED365E00C82CEB /* Release */,
			);
			defaultConfigurationIsVisible = 0;
			defaultConfigurationName = Release;
		};
/* End XCConfigurationList section */
	};
	rootObject = 87FB241329ED365C00C82CEB /* Project object */;
}
